
Microsoft Visual Studio Solution File, Format Version 12.00
# Visual Studio Version 17
VisualStudioVersion = 17.5.33414.496
MinimumVisualStudioVersion = 10.0.40219.1
Project("{FAE04EC0-301F-11D3-BF4B-00C04F79EFBC}") = "Instagram_AppAPI", "Instagram_AppAPI\Instagram_AppAPI.csproj", "{CADF6D35-76DB-4560-88A6-D922D05F535D}"
EndProject
Global
	GlobalSection(SolutionConfigurationPlatforms) = preSolution
		Debug|Any CPU = Debug|Any CPU
		Release|Any CPU = Release|Any CPU
	EndGlobalSection
	GlobalSection(ProjectConfigurationPlatforms) = postSolution
		{CADF6D35-76DB-4560-88A6-D922D05F535D}.Debug|Any CPU.ActiveCfg = Debug|Any CPU
		{CADF6D35-76DB-4560-88A6-D922D05F535D}.Debug|Any CPU.Build.0 = Debug|Any CPU
		{CADF6D35-76DB-4560-88A6-D922D05F535D}.Release|Any CPU.ActiveCfg = Release|Any CPU
		{CADF6D35-76DB-4560-88A6-D922D05F535D}.Release|Any CPU.Build.0 = Release|Any CPU
	EndGlobalSection
	GlobalSection(SolutionProperties) = preSolution
		HideSolutionNode = FALSE
	EndGlobalSection
	GlobalSection(ExtensibilityGlobals) = postSolution
		SolutionGuid = {A54ACC8C-A987-4366-8C86-5660C5839F14}
	EndGlobalSection
EndGlobal
